// !$*UTF8*$!
{
	archiveVersion = 1;
	classes = {
	};
	objectVersion = 46;
	objects = {

/* Begin PBXBuildFile section */
		42D0C5141CAC075F00EEB8E7 /* main.m in Sources */ = {isa = PBXBuildFile; fileRef = 42D0C5131CAC075F00EEB8E7 /* main.m */; };
		42D0C5171CAC075F00EEB8E7 /* AppDelegate.m in Sources */ = {isa = PBXBuildFile; fileRef = 42D0C5161CAC075F00EEB8E7 /* AppDelegate.m */; };
		42D0C51A1CAC075F00EEB8E7 /* ViewController.m in Sources */ = {isa = PBXBuildFile; fileRef = 42D0C5191CAC075F00EEB8E7 /* ViewController.m */; };
		42D0C51D1CAC075F00EEB8E7 /* Main.storyboard in Resources */ = {isa = PBXBuildFile; fileRef = 42D0C51B1CAC075F00EEB8E7 /* Main.storyboard */; };
		42D0C5201CAC075F00EEB8E7 /* __.xcdatamodeld in Sources */ = {isa = PBXBuildFile; fileRef = 42D0C51E1CAC075F00EEB8E7 /* __.xcdatamodeld */; };
		42D0C5221CAC075F00EEB8E7 /* Assets.xcassets in Resources */ = {isa = PBXBuildFile; fileRef = 42D0C5211CAC075F00EEB8E7 /* Assets.xcassets */; };
		42D0C5251CAC075F00EEB8E7 /* LaunchScreen.storyboard in Resources */ = {isa = PBXBuildFile; fileRef = 42D0C5231CAC075F00EEB8E7 /* LaunchScreen.storyboard */; };
/* End PBXBuildFile section */

/* Begin PBXFileReference section */
		42D0C50F1CAC075E00EEB8E7 /* 换肤.app */ = {isa = PBXFileReference; explicitFileType = wrapper.application; includeInIndex = 0; path = "换肤.app"; sourceTree = BUILT_PRODUCTS_DIR; };
		42D0C5131CAC075F00EEB8E7 /* main.m */ = {isa = PBXFileReference; lastKnownFileType = sourcecode.c.objc; path = main.m; sourceTree = "<group>"; };
		42D0C5151CAC075F00EEB8E7 /* AppDelegate.h */ = {isa = PBXFileReference; lastKnownFileType = sourcecode.c.h; path = AppDelegate.h; sourceTree = "<group>"; };
		42D0C5161CAC075F00EEB8E7 /* AppDelegate.m */ = {isa = PBXFileReference; lastKnownFileType = sourcecode.c.objc; path = AppDelegate.m; sourceTree = "<group>"; };
		42D0C5181CAC075F00EEB8E7 /* ViewController.h */ = {isa = PBXFileReference; lastKnownFileType = sourcecode.c.h; path = ViewController.h; sourceTree = "<group>"; };
		42D0C5191CAC075F00EEB8E7 /* ViewController.m */ = {isa = PBXFileReference; lastKnownFileType = sourcecode.c.objc; path = ViewController.m; sourceTree = "<group>"; };
		42D0C51C1CAC075F00EEB8E7 /* Base */ = {isa = PBXFileReference; lastKnownFileType = file.storyboard; name = Base; path = Base.lproj/Main.storyboard; sourceTree = "<group>"; };
		42D0C51F1CAC075F00EEB8E7 /* __.xcdatamodel */ = {isa = PBXFileReference; lastKnownFileType = wrapper.xcdatamodel; path = __.xcdatamodel; sourceTree = "<group>"; };
		42D0C5211CAC075F00EEB8E7 /* Assets.xcassets */ = {isa = PBXFileReference; lastKnownFileType = folder.assetcatalog; path = Assets.xcassets; sourceTree = "<group>"; };
		42D0C5241CAC075F00EEB8E7 /* Base */ = {isa = PBXFileReference; lastKnownFileType = file.storyboard; name = Base; path = Base.lproj/LaunchScreen.storyboard; sourceTree = "<group>"; };
		42D0C5261CAC075F00EEB8E7 /* Info.plist */ = {isa = PBXFileReference; lastKnownFileType = text.plist.xml; path = Info.plist; sourceTree = "<group>"; };
/* End PBXFileReference section */

/* Begin PBXFrameworksBuildPhase section */
		42D0C50C1CAC075E00EEB8E7 /* Frameworks */ = {
			isa = PBXFrameworksBuildPhase;
			buildActionMask = 2147483647;
			files = (
			);
			runOnlyForDeploymentPostprocessing = 0;
		};
/* End PBXFrameworksBuildPhase section */

/* Begin PBXGroup section */
		42D0C5061CAC075E00EEB8E7 = {
			isa = PBXGroup;
			children = (
				42D0C5111CAC075E00EEB8E7 /* 换肤 */,
				42D0C5101CAC075E00EEB8E7 /* Products */,
			);
			sourceTree = "<group>";
		};
		42D0C5101CAC075E00EEB8E7 /* Products */ = {
			isa = PBXGroup;
			children = (
				42D0C50F1CAC075E00EEB8E7 /* 换肤.app */,
			);
			name = Products;
			sourceTree = "<group>";
		};
		42D0C5111CAC075E00EEB8E7 /* 换肤 */ = {
			isa = PBXGroup;
			children = (
				42D0C5151CAC075F00EEB8E7 /* AppDelegate.h */,
				42D0C5161CAC075F00EEB8E7 /* AppDelegate.m */,
				42D0C5181CAC075F00EEB8E7 /* ViewController.h */,
				42D0C5191CAC075F00EEB8E7 /* ViewController.m */,
				42D0C51B1CAC075F00EEB8E7 /* Main.storyboard */,
				42D0C5211CAC075F00EEB8E7 /* Assets.xcassets */,
				42D0C5231CAC075F00EEB8E7 /* LaunchScreen.storyboard */,
				42D0C5261CAC075F00EEB8E7 /* Info.plist */,
				42D0C51E1CAC075F00EEB8E7 /* __.xcdatamodeld */,
				42D0C5121CAC075E00EEB8E7 /* Supporting Files */,
			);
			path = "换肤";
			sourceTree = "<group>";
		};
		42D0C5121CAC075E00EEB8E7 /* Supporting Files */ = {
			isa = PBXGroup;
			children = (
				42D0C5131CAC075F00EEB8E7 /* main.m */,
			);
			name = "Supporting Files";
			sourceTree = "<group>";
		};
/* End PBXGroup section */

/* Begin PBXNativeTarget section */
		42D0C50E1CAC075E00EEB8E7 /* 换肤 */ = {
			isa = PBXNativeTarget;
			buildConfigurationList = 42D0C5291CAC075F00EEB8E7 /* Build configuration list for PBXNativeTarget "换肤" */;
			buildPhases = (
				42D0C50B1CAC075E00EEB8E7 /* Sources */,
				42D0C50C1CAC075E00EEB8E7 /* Frameworks */,
				42D0C50D1CAC075E00EEB8E7 /* Resources */,
			);
			buildRules = (
			);
			dependencies = (
			);
			name = "换肤";
			productName = "换肤";
			productReference = 42D0C50F1CAC075E00EEB8E7 /* 换肤.app */;
			productType = "com.apple.product-type.application";
		};
/* End PBXNativeTarget section */

/* Begin PBXProject section */
		42D0C5071CAC075E00EEB8E7 /* Project object */ = {
			isa = PBXProject;
			attributes = {
				LastUpgradeCheck = 0720;
				ORGANIZATIONNAME = zhangliangwang;
				TargetAttributes = {
					42D0C50E1CAC075E00EEB8E7 = {
						CreatedOnToolsVersion = 7.2;
					};
				};
			};
			buildConfigurationList = 42D0C50A1CAC075E00EEB8E7 /* Build configuration list for PBXProject "换肤" */;
			compatibilityVersion = "Xcode 3.2";
			developmentRegion = English;
			hasScannedForEncodings = 0;
			knownRegions = (
				en,
				Base,
			);
			mainGroup = 42D0C5061CAC075E00EEB8E7;
			productRefGroup = 42D0C5101CAC075E00EEB8E7 /* Products */;
			projectDirPath = "";
			projectRoot = "";
			targets = (
				42D0C50E1CAC075E00EEB8E7 /* 换肤 */,
			);
		};
/* End PBXProject section */

/* Begin PBXResourcesBuildPhase section */
		42D0C50D1CAC075E00EEB8E7 /* Resources */ = {
			isa = PBXResourcesBuildPhase;
			buildActionMask = 2147483647;
			files = (
				42D0C5251CAC075F00EEB8E7 /* LaunchScreen.storyboard in Resources */,
				42D0C5221CAC075F00EEB8E7 /* Assets.xcassets in Resources */,
				42D0C51D1CAC075F00EEB8E7 /* Main.storyboard in Resources */,
			);
			runOnlyForDeploymentPostprocessing = 0;
		};
/* End PBXResourcesBuildPhase section */

/* Begin PBXSourcesBuildPhase section */
		42D0C50B1CAC075E00EEB8E7 /* Sources */ = {
			isa = PBXSourcesBuildPhase;
			buildActionMask = 2147483647;
			files = (
				42D0C51A1CAC075F00EEB8E7 /* ViewController.m in Sources */,
				42D0C5201CAC075F00EEB8E7 /* __.xcdatamodeld in Sources */,
				42D0C5171CAC075F00EEB8E7 /* AppDelegate.m in Sources */,
				42D0C5141CAC075F00EEB8E7 /* main.m in Sources */,
			);
			runOnlyForDeploymentPostprocessing = 0;
		};
/* End PBXSourcesBuildPhase section */

/* Begin PBXVariantGroup section */
		42D0C51B1CAC075F00EEB8E7 /* Main.storyboard */ = {
			isa = PBXVariantGroup;
			children = (
				42D0C51C1CAC075F00EEB8E7 /* Base */,
			);
			name = Main.storyboard;
			sourceTree = "<group>";
		};
		42D0C5231CAC075F00EEB8E7 /* LaunchScreen.storyboard */ = {
			isa = PBXVariantGroup;
			children = (
				42D0C5241CAC075F00EEB8E7 /* Base */,
			);
			name = LaunchScreen.storyboard;
			sourceTree = "<group>";
		};
/* End PBXVariantGroup section */

/* Begin XCBuildConfiguration section */
		42D0C5271CAC075F00EEB8E7 /* Debug */ = {
			isa = XCBuildConfiguration;
			buildSettings = {
				ALWAYS_SEARCH_USER_PATHS = NO;
				CLANG_CXX_LANGUAGE_STANDARD = "gnu++0x";
				CLANG_CXX_LIBRARY = "libc++";
				CLANG_ENABLE_MODULES = YES;
				CLANG_ENABLE_OBJC_ARC = YES;
				CLANG_WARN_BOOL_CONVERSION = YES;
				CLANG_WARN_CONSTANT_CONVERSION = YES;
				CLANG_WARN_DIRECT_OBJC_ISA_USAGE = YES_ERROR;
				CLANG_WARN_EMPTY_BODY = YES;
				CLANG_WARN_ENUM_CONVERSION = YES;
				CLANG_WARN_INT_CONVERSION = YES;
				CLANG_WARN_OBJC_ROOT_CLASS = YES_ERROR;
				CLANG_WARN_UNREACHABLE_CODE = YES;
				CLANG_WARN__DUPLICATE_METHOD_MATCH = YES;
				"CODE_SIGN_IDENTITY[sdk=iphoneos*]" = "iPhone Developer";
				COPY_PHASE_STRIP = NO;
				DEBUG_INFORMATION_FORMAT = dwarf;
				ENABLE_STRICT_OBJC_MSGSEND = YES;
				ENABLE_TESTABILITY = YES;
				GCC_C_LANGUAGE_STANDARD = gnu99;
				GCC_DYNAMIC_NO_PIC = NO;
				GCC_NO_COMMON_BLOCKS = YES;
				GCC_OPTIMIZATION_LEVEL = 0;
				GCC_PREPROCESSOR_DEFINITIONS = (
					"DEBUG=1",
					"$(inherited)",
				);
				GCC_WARN_64_TO_32_BIT_CONVERSION = YES;
				GCC_WARN_ABOUT_RETURN_TYPE = YES_ERROR;
				GCC_WARN_UNDECLARED_SELECTOR = YES;
				GCC_WARN_UNINITIALIZED_AUTOS = YES_AGGRESSIVE;
				GCC_WARN_UNUSED_FUNCTION = YES;
				GCC_WARN_UNUSED_VARIABLE = YES;
				IPHONEOS_DEPLOYMENT_TARGET = 9.2;
				MTL_ENABLE_DEBUG_INFO = YES;
				ONLY_ACTIVE_ARCH = YES;
				SDKROOT = iphoneos;
				TARGETED_DEVICE_FAMILY = "1,2";
			};
			name = Debug;
		};
		42D0C5281CAC075F00EEB8E7 /* Release */ = {
			isa = XCBuildConfiguration;
			buildSettings = {
				ALWAYS_SEARCH_USER_PATHS = NO;
				CLANG_CXX_LANGUAGE_STANDARD = "gnu++0x";
				CLANG_CXX_LIBRARY = "libc++";
				CLANG_ENABLE_MODULES = YES;
				CLANG_ENABLE_OBJC_ARC = YES;
				CLANG_WARN_BOOL_CONVERSION = YES;
				CLANG_WARN_CONSTANT_CONVERSION = YES;
				CLANG_WARN_DIRECT_OBJC_ISA_USAGE = YES_ERROR;
				CLANG_WARN_EMPTY_BODY = YES;
				CLANG_WARN_ENUM_CONVERSION = YES;
				CLANG_WARN_INT_CONVERSION = YES;
				CLANG_WARN_OBJC_ROOT_CLASS = YES_ERROR;
				CLANG_WARN_UNREACHABLE_CODE = YES;
				CLANG_WARN__DUPLICATE_METHOD_MATCH = YES;
				"CODE_SIGN_IDENTITY[sdk=iphoneos*]" = "iPhone Developer";
				COPY_PHASE_STRIP = NO;
				DEBUG_INFORMATION_FORMAT = "dwarf-with-dsym";
				ENABLE_NS_ASSERTIONS = NO;
				ENABLE_STRICT_OBJC_MSGSEND = YES;
				GCC_C_LANGUAGE_STANDARD = gnu99;
				GCC_NO_COMMON_BLOCKS = YES;
				GCC_WARN_64_TO_32_BIT_CONVERSION = YES;
				GCC_WARN_ABOUT_RETURN_TYPE = YES_ERROR;
				GCC_WARN_UNDECLARED_SELECTOR = YES;
				GCC_WARN_UNINITIALIZED_AUTOS = YES_AGGRESSIVE;
				GCC_WARN_UNUSED_FUNCTION = YES;
				GCC_WARN_UNUSED_VARIABLE = YES;
				IPHONEOS_DEPLOYMENT_TARGET = 9.2;
				MTL_ENABLE_DEBUG_INFO = NO;
				SDKROOT = iphoneos;
				TARGETED_DEVICE_FAMILY = "1,2";
				VALIDATE_PRODUCT = YES;
			};
			name = Release;
		};
		42D0C52A1CAC075F00EEB8E7 /* Debug */ = {
			isa = XCBuildConfiguration;
			buildSettings = {
				ASSETCATALOG_COMPILER_APPICON_NAME = AppIcon;
				INFOPLIST_FILE = "换肤/Info.plist";
				LD_RUNPATH_SEARCH_PATHS = "$(inherited) @executable_path/Frameworks";
				PRODUCT_BUNDLE_IDENTIFIER = "com.tenna.design.--";
				PRODUCT_NAME = "$(TARGET_NAME)";
			};
			name = Debug;
		};
		42D0C52B1CAC075F00EEB8E7 /* Release */ = {
			isa = XCBuildConfiguration;
			buildSettings = {
				ASSETCATALOG_COMPILER_APPICON_NAME = AppIcon;
				INFOPLIST_FILE = "换肤/Info.plist";
				LD_RUNPATH_SEARCH_PATHS = "$(inherited) @executable_path/Frameworks";
				PRODUCT_BUNDLE_IDENTIFIER = "com.tenna.design.--";
				PRODUCT_NAME = "$(TARGET_NAME)";
			};
			name = Release;
		};
/* End XCBuildConfiguration section */

/* Begin XCConfigurationList section */
		42D0C50A1CAC075E00EEB8E7 /* Build configuration list for PBXProject "换肤" */ = {
			isa = XCConfigurationList;
			buildConfigurations = (
				42D0C5271CAC075F00EEB8E7 /* Debug */,
				42D0C5281CAC075F00EEB8E7 /* Release */,
			);
			defaultConfigurationIsVisible = 0;
			defaultConfigurationName = Release;
		};
		42D0C5291CAC075F00EEB8E7 /* Build configuration list for PBXNativeTarget "换肤" */ = {
			isa = XCConfigurationList;
			buildConfigurations = (
				42D0C52A1CAC075F00EEB8E7 /* Debug */,
				42D0C52B1CAC075F00EEB8E7 /* Release */,
			);
			defaultConfigurationIsVisible = 0;
		};
/* End XCConfigurationList section */

/* Begin XCVersionGroup section */
		42D0C51E1CAC075F00EEB8E7 /* __.xcdatamodeld */ = {
			isa = XCVersionGroup;
			children = (
				42D0C51F1CAC075F00EEB8E7 /* __.xcdatamodel */,
			);
			currentVersion = 42D0C51F1CAC075F00EEB8E7 /* __.xcdatamodel */;
			path = __.xcdatamodeld;
			sourceTree = "<group>";
			versionGroupType = wrapper.xcdatamodel;
		};
/* End XCVersionGroup section */
	};
	rootObject = 42D0C5071CAC075E00EEB8E7 /* Project object */;
}
